{
  "name": "test-ts",
  "version": "1.0.0",
  "lockfileVersion": 3,
  "requires": true,
  "packages": {
    "": {
      "name": "test-ts",
      "version": "1.0.0",
      "license": "ISC",
      "dependencies": {
        "featherfront": "^0.0.2"
      }
    },
    "node_modules/featherfront": {
      "version": "0.0.2",
      "resolved": "https://registry.npmjs.org/featherfront/-/featherfront-0.0.2.tgz",
      "integrity": "sha512-qsapQPFVUQg74iYBs9fmf3b3380mKIyyNXDWqu+KDTC1Ku3JIr7OzEsFLesY/YSVG3B0Y/iuHZNAOZSZ0I0i9A=="
    }
  }
}
